
Microsoft Visual Studio Solution File, Format Version 12.00
# Visual Studio 15
VisualStudioVersion = 15.0.27428.2037
MinimumVisualStudioVersion = 10.0.40219.1
Project("{FAE04EC0-301F-11D3-BF4B-00C04F79EFBC}") = "LexiconUniversity", "LexiconUniversity\LexiconUniversity.csproj", "{A82415B6-A67C-42B3-9278-42F975DF7AA9}"
EndProject
Global
	GlobalSection(SolutionConfigurationPlatforms) = preSolution
		Debug|Any CPU = Debug|Any CPU
		Release|Any CPU = Release|Any CPU
	EndGlobalSection
	GlobalSection(ProjectConfigurationPlatforms) = postSolution
		{A82415B6-A67C-42B3-9278-42F975DF7AA9}.Debug|Any CPU.ActiveCfg = Debug|Any CPU
		{A82415B6-A67C-42B3-9278-42F975DF7AA9}.Debug|Any CPU.Build.0 = Debug|Any CPU
		{A82415B6-A67C-42B3-9278-42F975DF7AA9}.Release|Any CPU.ActiveCfg = Release|Any CPU
		{A82415B6-A67C-42B3-9278-42F975DF7AA9}.Release|Any CPU.Build.0 = Release|Any CPU
	EndGlobalSection
	GlobalSection(SolutionProperties) = preSolution
		HideSolutionNode = FALSE
	EndGlobalSection
	GlobalSection(ExtensibilityGlobals) = postSolution
		SolutionGuid = {0A815DB1-664A-4713-925C-3549BE278598}
	EndGlobalSection
EndGlobal
